
Microsoft Visual Studio Solution File, Format Version 12.00
# Visual Studio Version 17
VisualStudioVersion = 17.8.34330.188
MinimumVisualStudioVersion = 10.0.40219.1
Project("{9A19103F-16F7-4668-BE54-9A1E7A4F7556}") = "Api.Universidad", "Api.Universidad\Api.Universidad.csproj", "{A7EA04F5-275F-4BDD-B0E1-DE4A0CA2B670}"
EndProject
Project("{FAE04EC0-301F-11D3-BF4B-00C04F79EFBC}") = "Universidad.Model", "Universidad.Model\Universidad.Model.csproj", "{D159CBA1-BE56-4746-9DD9-31484ACC911D}"
EndProject
Project("{FAE04EC0-301F-11D3-BF4B-00C04F79EFBC}") = "Universidad.Logic", "Universidad.Logic\Universidad.Logic.csproj", "{3B0A3404-3ABC-473E-8CF2-36171007AFD9}"
EndProject
Project("{FAE04EC0-301F-11D3-BF4B-00C04F79EFBC}") = "Universidad.Data", "Universidad.Data\Universidad.Data.csproj", "{7E358B6B-8410-4385-9704-95A473EEEC2B}"
EndProject
Global
	GlobalSection(SolutionConfigurationPlatforms) = preSolution
		Debug|Any CPU = Debug|Any CPU
		Release|Any CPU = Release|Any CPU
	EndGlobalSection
	GlobalSection(ProjectConfigurationPlatforms) = postSolution
		{A7EA04F5-275F-4BDD-B0E1-DE4A0CA2B670}.Debug|Any CPU.ActiveCfg = Debug|Any CPU
		{A7EA04F5-275F-4BDD-B0E1-DE4A0CA2B670}.Debug|Any CPU.Build.0 = Debug|Any CPU
		{A7EA04F5-275F-4BDD-B0E1-DE4A0CA2B670}.Release|Any CPU.ActiveCfg = Release|Any CPU
		{A7EA04F5-275F-4BDD-B0E1-DE4A0CA2B670}.Release|Any CPU.Build.0 = Release|Any CPU
		{D159CBA1-BE56-4746-9DD9-31484ACC911D}.Debug|Any CPU.ActiveCfg = Debug|Any CPU
		{D159CBA1-BE56-4746-9DD9-31484ACC911D}.Debug|Any CPU.Build.0 = Debug|Any CPU
		{D159CBA1-BE56-4746-9DD9-31484ACC911D}.Release|Any CPU.ActiveCfg = Release|Any CPU
		{D159CBA1-BE56-4746-9DD9-31484ACC911D}.Release|Any CPU.Build.0 = Release|Any CPU
		{3B0A3404-3ABC-473E-8CF2-36171007AFD9}.Debug|Any CPU.ActiveCfg = Debug|Any CPU
		{3B0A3404-3ABC-473E-8CF2-36171007AFD9}.Debug|Any CPU.Build.0 = Debug|Any CPU
		{3B0A3404-3ABC-473E-8CF2-36171007AFD9}.Release|Any CPU.ActiveCfg = Release|Any CPU
		{3B0A3404-3ABC-473E-8CF2-36171007AFD9}.Release|Any CPU.Build.0 = Release|Any CPU
		{7E358B6B-8410-4385-9704-95A473EEEC2B}.Debug|Any CPU.ActiveCfg = Debug|Any CPU
		{7E358B6B-8410-4385-9704-95A473EEEC2B}.Debug|Any CPU.Build.0 = Debug|Any CPU
		{7E358B6B-8410-4385-9704-95A473EEEC2B}.Release|Any CPU.ActiveCfg = Release|Any CPU
		{7E358B6B-8410-4385-9704-95A473EEEC2B}.Release|Any CPU.Build.0 = Release|Any CPU
	EndGlobalSection
	GlobalSection(SolutionProperties) = preSolution
		HideSolutionNode = FALSE
	EndGlobalSection
	GlobalSection(ExtensibilityGlobals) = postSolution
		SolutionGuid = {A75A7CBF-EA8B-4A03-B2E4-B56AE94F3C45}
	EndGlobalSection
EndGlobal
